
Microsoft Visual Studio Solution File, Format Version 12.00
# Visual Studio Version 17
VisualStudioVersion = 17.11.35431.28
MinimumVisualStudioVersion = 10.0.40219.1
Project("{FAE04EC0-301F-11D3-BF4B-00C04F79EFBC}") = "school-major-project", "school-major-project.csproj", "{7DFD6CED-7394-4A79-8FC5-9843842D4EEA}"
EndProject
Global
	GlobalSection(SolutionConfigurationPlatforms) = preSolution
		Debug|Any CPU = Debug|Any CPU
		Release|Any CPU = Release|Any CPU
	EndGlobalSection
	GlobalSection(ProjectConfigurationPlatforms) = postSolution
		{7DFD6CED-7394-4A79-8FC5-9843842D4EEA}.Debug|Any CPU.ActiveCfg = Debug|Any CPU
		{7DFD6CED-7394-4A79-8FC5-9843842D4EEA}.Debug|Any CPU.Build.0 = Debug|Any CPU
		{7DFD6CED-7394-4A79-8FC5-9843842D4EEA}.Release|Any CPU.ActiveCfg = Release|Any CPU
		{7DFD6CED-7394-4A79-8FC5-9843842D4EEA}.Release|Any CPU.Build.0 = Release|Any CPU
	EndGlobalSection
	GlobalSection(SolutionProperties) = preSolution
		HideSolutionNode = FALSE
	EndGlobalSection
	GlobalSection(ExtensibilityGlobals) = postSolution
		SolutionGuid = {CC6952FA-E276-4773-B1EC-C12FF69CDEF2}
	EndGlobalSection
EndGlobal
